
Microsoft Visual Studio Solution File, Format Version 12.00
# Visual Studio 15
VisualStudioVersion = 15.0.27130.2003
MinimumVisualStudioVersion = 10.0.40219.1
Project("{FAE04EC0-301F-11D3-BF4B-00C04F79EFBC}") = "HaMusic.Xamarin.Android", "HaMusic.Xamarin\HaMusic.Xamarin.Android\HaMusic.Xamarin.Android.csproj", "{5B5BA653-2B12-42B1-B64F-B96D7621346E}"
EndProject
Project("{D954291E-2A0B-460D-934E-DC6B0785DB48}") = "HaMusic.Xamarin", "HaMusic.Xamarin\HaMusic.Xamarin\HaMusic.Xamarin.shproj", "{AB195BA0-C6B5-4745-A6CE-E42B495CAA07}"
EndProject
Project("{9A19103F-16F7-4668-BE54-9A1E7A4F7556}") = "HaMusicLib", "HaMusicLib\HaMusicLib.csproj", "{214BF752-BAA1-4D01-A27B-C75C9D7EB2E5}"
EndProject
Project("{D954291E-2A0B-460D-934E-DC6B0785DB48}") = "HaMusicLib.Shared", "..\HaMusic\HaMusicLib.Shared\HaMusicLib.Shared.shproj", "{EDEBE6DC-D002-4BD2-B437-0B2B5E81207C}"
EndProject
Global
	GlobalSection(SharedMSBuildProjectFiles) = preSolution
		HaMusic.Xamarin\HaMusic.Xamarin\HaMusic.Xamarin.projitems*{5b5ba653-2b12-42b1-b64f-b96d7621346e}*SharedItemsImports = 4
		HaMusic.Xamarin\HaMusic.Xamarin\HaMusic.Xamarin.projitems*{ab195ba0-c6b5-4745-a6ce-e42b495caa07}*SharedItemsImports = 13
		..\HaMusic\HaMusicLib.Shared\HaMusicLib.Shared.projitems*{edebe6dc-d002-4bd2-b437-0b2b5e81207c}*SharedItemsImports = 13
	EndGlobalSection
	GlobalSection(SolutionConfigurationPlatforms) = preSolution
		Debug|Any CPU = Debug|Any CPU
		Release|Any CPU = Release|Any CPU
	EndGlobalSection
	GlobalSection(ProjectConfigurationPlatforms) = postSolution
		{5B5BA653-2B12-42B1-B64F-B96D7621346E}.Debug|Any CPU.ActiveCfg = Debug|Any CPU
		{5B5BA653-2B12-42B1-B64F-B96D7621346E}.Debug|Any CPU.Build.0 = Debug|Any CPU
		{5B5BA653-2B12-42B1-B64F-B96D7621346E}.Debug|Any CPU.Deploy.0 = Debug|Any CPU
		{5B5BA653-2B12-42B1-B64F-B96D7621346E}.Release|Any CPU.ActiveCfg = Release|Any CPU
		{5B5BA653-2B12-42B1-B64F-B96D7621346E}.Release|Any CPU.Build.0 = Release|Any CPU
		{5B5BA653-2B12-42B1-B64F-B96D7621346E}.Release|Any CPU.Deploy.0 = Release|Any CPU
		{214BF752-BAA1-4D01-A27B-C75C9D7EB2E5}.Debug|Any CPU.ActiveCfg = Debug|Any CPU
		{214BF752-BAA1-4D01-A27B-C75C9D7EB2E5}.Debug|Any CPU.Build.0 = Debug|Any CPU
		{214BF752-BAA1-4D01-A27B-C75C9D7EB2E5}.Release|Any CPU.ActiveCfg = Release|Any CPU
		{214BF752-BAA1-4D01-A27B-C75C9D7EB2E5}.Release|Any CPU.Build.0 = Release|Any CPU
	EndGlobalSection
	GlobalSection(SolutionProperties) = preSolution
		HideSolutionNode = FALSE
	EndGlobalSection
	GlobalSection(ExtensibilityGlobals) = postSolution
		SolutionGuid = {6D4F7202-49C7-47F5-A953-F5B3CDFE81D6}
	EndGlobalSection
EndGlobal
